// !$*UTF8*$!
{
	archiveVersion = 1;
	classes = {
	};
	objectVersion = 46;
	objects = {

/* Begin PBXBuildFile section */
		3D0948F6192BD49A002508B0 /* Foundation.framework in Frameworks */ = {isa = PBXBuildFile; fileRef = 3D0948F5192BD49A002508B0 /* Foundation.framework */; };
		3D0948F8192BD49A002508B0 /* CoreGraphics.framework in Frameworks */ = {isa = PBXBuildFile; fileRef = 3D0948F7192BD49A002508B0 /* CoreGraphics.framework */; };
		3D0948FA192BD49A002508B0 /* UIKit.framework in Frameworks */ = {isa = PBXBuildFile; fileRef = 3D0948F9192BD49A002508B0 /* UIKit.framework */; };
		3D094900192BD49A002508B0 /* InfoPlist.strings in Resources */ = {isa = PBXBuildFile; fileRef = 3D0948FE192BD49A002508B0 /* InfoPlist.strings */; };
		3D094902192BD49A002508B0 /* main.m in Sources */ = {isa = PBXBuildFile; fileRef = 3D094901192BD49A002508B0 /* main.m */; };
		3D094906192BD49A002508B0 /* AppDelegate.m in Sources */ = {isa = PBXBuildFile; fileRef = 3D094905192BD49A002508B0 /* AppDelegate.m */; };
		3D094909192BD49A002508B0 /* Main.storyboard in Resources */ = {isa = PBXBuildFile; fileRef = 3D094907192BD49A002508B0 /* Main.storyboard */; };
		3D09490C192BD49A002508B0 /* ViewController.m in Sources */ = {isa = PBXBuildFile; fileRef = 3D09490B192BD49A002508B0 /* ViewController.m */; };
		3D09490E192BD49A002508B0 /* Images.xcassets in Resources */ = {isa = PBXBuildFile; fileRef = 3D09490D192BD49A002508B0 /* Images.xcassets */; };
		3D094915192BD49A002508B0 /* XCTest.framework in Frameworks */ = {isa = PBXBuildFile; fileRef = 3D094914192BD49A002508B0 /* XCTest.framework */; };
		3D094916192BD49A002508B0 /* Foundation.framework in Frameworks */ = {isa = PBXBuildFile; fileRef = 3D0948F5192BD49A002508B0 /* Foundation.framework */; };
		3D094917192BD49A002508B0 /* UIKit.framework in Frameworks */ = {isa = PBXBuildFile; fileRef = 3D0948F9192BD49A002508B0 /* UIKit.framework */; };
		3D09491F192BD49A002508B0 /* InfoPlist.strings in Resources */ = {isa = PBXBuildFile; fileRef = 3D09491D192BD49A002508B0 /* InfoPlist.strings */; };
		3D094921192BD49A002508B0 /* MapKitTests.m in Sources */ = {isa = PBXBuildFile; fileRef = 3D094920192BD49A002508B0 /* MapKitTests.m */; };
		3D09492B192BDA21002508B0 /* MapKit.framework in Frameworks */ = {isa = PBXBuildFile; fileRef = 3D09492A192BDA21002508B0 /* MapKit.framework */; };
		3D094976192C121F002508B0 /* PointOfInterest.m in Sources */ = {isa = PBXBuildFile; fileRef = 3D094975192C121F002508B0 /* PointOfInterest.m */; };
/* End PBXBuildFile section */

/* Begin PBXContainerItemProxy section */
		3D094918192BD49A002508B0 /* PBXContainerItemProxy */ = {
			isa = PBXContainerItemProxy;
			containerPortal = 3D0948EA192BD49A002508B0 /* Project object */;
			proxyType = 1;
			remoteGlobalIDString = 3D0948F1192BD49A002508B0;
			remoteInfo = MapKit;
		};
/* End PBXContainerItemProxy section */

/* Begin PBXFileReference section */
		3D0948F2192BD49A002508B0 /* MapKit.app */ = {isa = PBXFileReference; explicitFileType = wrapper.application; includeInIndex = 0; path = MapKit.app; sourceTree = BUILT_PRODUCTS_DIR; };
		3D0948F5192BD49A002508B0 /* Foundation.framework */ = {isa = PBXFileReference; lastKnownFileType = wrapper.framework; name = Foundation.framework; path = System/Library/Frameworks/Foundation.framework; sourceTree = SDKROOT; };
		3D0948F7192BD49A002508B0 /* CoreGraphics.framework */ = {isa = PBXFileReference; lastKnownFileType = wrapper.framework; name = CoreGraphics.framework; path = System/Library/Frameworks/CoreGraphics.framework; sourceTree = SDKROOT; };
		3D0948F9192BD49A002508B0 /* UIKit.framework */ = {isa = PBXFileReference; lastKnownFileType = wrapper.framework; name = UIKit.framework; path = System/Library/Frameworks/UIKit.framework; sourceTree = SDKROOT; };
		3D0948FD192BD49A002508B0 /* MapKit-Info.plist */ = {isa = PBXFileReference; lastKnownFileType = text.plist.xml; path = "MapKit-Info.plist"; sourceTree = "<group>"; };
		3D0948FF192BD49A002508B0 /* en */ = {isa = PBXFileReference; lastKnownFileType = text.plist.strings; name = en; path = en.lproj/InfoPlist.strings; sourceTree = "<group>"; };
		3D094901192BD49A002508B0 /* main.m */ = {isa = PBXFileReference; lastKnownFileType = sourcecode.c.objc; path = main.m; sourceTree = "<group>"; };
		3D094903192BD49A002508B0 /* MapKit-Prefix.pch */ = {isa = PBXFileReference; lastKnownFileType = sourcecode.c.h; path = "MapKit-Prefix.pch"; sourceTree = "<group>"; };
		3D094904192BD49A002508B0 /* AppDelegate.h */ = {isa = PBXFileReference; lastKnownFileType = sourcecode.c.h; path = AppDelegate.h; sourceTree = "<group>"; };
		3D094905192BD49A002508B0 /* AppDelegate.m */ = {isa = PBXFileReference; lastKnownFileType = sourcecode.c.objc; path = AppDelegate.m; sourceTree = "<group>"; };
		3D094908192BD49A002508B0 /* Base */ = {isa = PBXFileReference; lastKnownFileType = file.storyboard; name = Base; path = Base.lproj/Main.storyboard; sourceTree = "<group>"; };
		3D09490A192BD49A002508B0 /* ViewController.h */ = {isa = PBXFileReference; lastKnownFileType = sourcecode.c.h; path = ViewController.h; sourceTree = "<group>"; };
		3D09490B192BD49A002508B0 /* ViewController.m */ = {isa = PBXFileReference; lastKnownFileType = sourcecode.c.objc; path = ViewController.m; sourceTree = "<group>"; };
		3D09490D192BD49A002508B0 /* Images.xcassets */ = {isa = PBXFileReference; lastKnownFileType = folder.assetcatalog; path = Images.xcassets; sourceTree = "<group>"; };
		3D094913192BD49A002508B0 /* MapKitTests.xctest */ = {isa = PBXFileReference; explicitFileType = wrapper.cfbundle; includeInIndex = 0; path = MapKitTests.xctest; sourceTree = BUILT_PRODUCTS_DIR; };
		3D094914192BD49A002508B0 /* XCTest.framework */ = {isa = PBXFileReference; lastKnownFileType = wrapper.framework; name = XCTest.framework; path = Library/Frameworks/XCTest.framework; sourceTree = DEVELOPER_DIR; };
		3D09491C192BD49A002508B0 /* MapKitTests-Info.plist */ = {isa = PBXFileReference; lastKnownFileType = text.plist.xml; path = "MapKitTests-Info.plist"; sourceTree = "<group>"; };
		3D09491E192BD49A002508B0 /* en */ = {isa = PBXFileReference; lastKnownFileType = text.plist.strings; name = en; path = en.lproj/InfoPlist.strings; sourceTree = "<group>"; };
		3D094920192BD49A002508B0 /* MapKitTests.m */ = {isa = PBXFileReference; lastKnownFileType = sourcecode.c.objc; path = MapKitTests.m; sourceTree = "<group>"; };
		3D09492A192BDA21002508B0 /* MapKit.framework */ = {isa = PBXFileReference; lastKnownFileType = wrapper.framework; name = MapKit.framework; path = System/Library/Frameworks/MapKit.framework; sourceTree = SDKROOT; };
		3D094974192C121F002508B0 /* PointOfInterest.h */ = {isa = PBXFileReference; fileEncoding = 4; lastKnownFileType = sourcecode.c.h; path = PointOfInterest.h; sourceTree = "<group>"; };
		3D094975192C121F002508B0 /* PointOfInterest.m */ = {isa = PBXFileReference; fileEncoding = 4; lastKnownFileType = sourcecode.c.objc; path = PointOfInterest.m; sourceTree = "<group>"; };
/* End PBXFileReference section */

/* Begin PBXFrameworksBuildPhase section */
		3D0948EF192BD49A002508B0 /* Frameworks */ = {
			isa = PBXFrameworksBuildPhase;
			buildActionMask = 2147483647;
			files = (
				3D0948F8192BD49A002508B0 /* CoreGraphics.framework in Frameworks */,
				3D0948FA192BD49A002508B0 /* UIKit.framework in Frameworks */,
				3D09492B192BDA21002508B0 /* MapKit.framework in Frameworks */,
				3D0948F6192BD49A002508B0 /* Foundation.framework in Frameworks */,
			);
			runOnlyForDeploymentPostprocessing = 0;
		};
		3D094910192BD49A002508B0 /* Frameworks */ = {
			isa = PBXFrameworksBuildPhase;
			buildActionMask = 2147483647;
			files = (
				3D094915192BD49A002508B0 /* XCTest.framework in Frameworks */,
				3D094917192BD49A002508B0 /* UIKit.framework in Frameworks */,
				3D094916192BD49A002508B0 /* Foundation.framework in Frameworks */,
			);
			runOnlyForDeploymentPostprocessing = 0;
		};
/* End PBXFrameworksBuildPhase section */

/* Begin PBXGroup section */
		3D0948E9192BD49A002508B0 = {
			isa = PBXGroup;
			children = (
				3D0948FB192BD49A002508B0 /* MapKit */,
				3D09491A192BD49A002508B0 /* MapKitTests */,
				3D0948F4192BD49A002508B0 /* Frameworks */,
				3D0948F3192BD49A002508B0 /* Products */,
			);
			sourceTree = "<group>";
		};
		3D0948F3192BD49A002508B0 /* Products */ = {
			isa = PBXGroup;
			children = (
				3D0948F2192BD49A002508B0 /* MapKit.app */,
				3D094913192BD49A002508B0 /* MapKitTests.xctest */,
			);
			name = Products;
			sourceTree = "<group>";
		};
		3D0948F4192BD49A002508B0 /* Frameworks */ = {
			isa = PBXGroup;
			children = (
				3D09492A192BDA21002508B0 /* MapKit.framework */,
				3D0948F5192BD49A002508B0 /* Foundation.framework */,
				3D0948F7192BD49A002508B0 /* CoreGraphics.framework */,
				3D0948F9192BD49A002508B0 /* UIKit.framework */,
				3D094914192BD49A002508B0 /* XCTest.framework */,
			);
			name = Frameworks;
			sourceTree = "<group>";
		};
		3D0948FB192BD49A002508B0 /* MapKit */ = {
			isa = PBXGroup;
			children = (
				3D094904192BD49A002508B0 /* AppDelegate.h */,
				3D094905192BD49A002508B0 /* AppDelegate.m */,
				3D094907192BD49A002508B0 /* Main.storyboard */,
				3D09490A192BD49A002508B0 /* ViewController.h */,
				3D09490B192BD49A002508B0 /* ViewController.m */,
				3D094974192C121F002508B0 /* PointOfInterest.h */,
				3D094975192C121F002508B0 /* PointOfInterest.m */,
				3D09490D192BD49A002508B0 /* Images.xcassets */,
				3D0948FC192BD49A002508B0 /* Supporting Files */,
			);
			path = MapKit;
			sourceTree = "<group>";
		};
		3D0948FC192BD49A002508B0 /* Supporting Files */ = {
			isa = PBXGroup;
			children = (
				3D0948FD192BD49A002508B0 /* MapKit-Info.plist */,
				3D0948FE192BD49A002508B0 /* InfoPlist.strings */,
				3D094901192BD49A002508B0 /* main.m */,
				3D094903192BD49A002508B0 /* MapKit-Prefix.pch */,
			);
			name = "Supporting Files";
			sourceTree = "<group>";
		};
		3D09491A192BD49A002508B0 /* MapKitTests */ = {
			isa = PBXGroup;
			children = (
				3D094920192BD49A002508B0 /* MapKitTests.m */,
				3D09491B192BD49A002508B0 /* Supporting Files */,
			);
			path = MapKitTests;
			sourceTree = "<group>";
		};
		3D09491B192BD49A002508B0 /* Supporting Files */ = {
			isa = PBXGroup;
			children = (
				3D09491C192BD49A002508B0 /* MapKitTests-Info.plist */,
				3D09491D192BD49A002508B0 /* InfoPlist.strings */,
			);
			name = "Supporting Files";
			sourceTree = "<group>";
		};
/* End PBXGroup section */

/* Begin PBXNativeTarget section */
		3D0948F1192BD49A002508B0 /* MapKit */ = {
			isa = PBXNativeTarget;
			buildConfigurationList = 3D094924192BD49A002508B0 /* Build configuration list for PBXNativeTarget "MapKit" */;
			buildPhases = (
				3D0948EE192BD49A002508B0 /* Sources */,
				3D0948EF192BD49A002508B0 /* Frameworks */,
				3D0948F0192BD49A002508B0 /* Resources */,
			);
			buildRules = (
			);
			dependencies = (
			);
			name = MapKit;
			productName = MapKit;
			productReference = 3D0948F2192BD49A002508B0 /* MapKit.app */;
			productType = "com.apple.product-type.application";
		};
		3D094912192BD49A002508B0 /* MapKitTests */ = {
			isa = PBXNativeTarget;
			buildConfigurationList = 3D094927192BD49A002508B0 /* Build configuration list for PBXNativeTarget "MapKitTests" */;
			buildPhases = (
				3D09490F192BD49A002508B0 /* Sources */,
				3D094910192BD49A002508B0 /* Frameworks */,
				3D094911192BD49A002508B0 /* Resources */,
			);
			buildRules = (
			);
			dependencies = (
				3D094919192BD49A002508B0 /* PBXTargetDependency */,
			);
			name = MapKitTests;
			productName = MapKitTests;
			productReference = 3D094913192BD49A002508B0 /* MapKitTests.xctest */;
			productType = "com.apple.product-type.bundle.unit-test";
		};
/* End PBXNativeTarget section */

/* Begin PBXProject section */
		3D0948EA192BD49A002508B0 /* Project object */ = {
			isa = PBXProject;
			attributes = {
				LastUpgradeCheck = 0510;
				ORGANIZATIONNAME = "Cole Bratcher";
				TargetAttributes = {
					3D0948F1192BD49A002508B0 = {
						SystemCapabilities = {
							com.apple.iOS = {
								enabled = 1;
							};
						};
					};
					3D094912192BD49A002508B0 = {
						TestTargetID = 3D0948F1192BD49A002508B0;
					};
				};
			};
			buildConfigurationList = 3D0948ED192BD49A002508B0 /* Build configuration list for PBXProject "MapKit" */;
			compatibilityVersion = "Xcode 3.2";
			developmentRegion = English;
			hasScannedForEncodings = 0;
			knownRegions = (
				en,
				Base,
			);
			mainGroup = 3D0948E9192BD49A002508B0;
			productRefGroup = 3D0948F3192BD49A002508B0 /* Products */;
			projectDirPath = "";
			projectRoot = "";
			targets = (
				3D0948F1192BD49A002508B0 /* MapKit */,
				3D094912192BD49A002508B0 /* MapKitTests */,
			);
		};
/* End PBXProject section */

/* Begin PBXResourcesBuildPhase section */
		3D0948F0192BD49A002508B0 /* Resources */ = {
			isa = PBXResourcesBuildPhase;
			buildActionMask = 2147483647;
			files = (
				3D09490E192BD49A002508B0 /* Images.xcassets in Resources */,
				3D094900192BD49A002508B0 /* InfoPlist.strings in Resources */,
				3D094909192BD49A002508B0 /* Main.storyboard in Resources */,
			);
			runOnlyForDeploymentPostprocessing = 0;
		};
		3D094911192BD49A002508B0 /* Resources */ = {
			isa = PBXResourcesBuildPhase;
			buildActionMask = 2147483647;
			files = (
				3D09491F192BD49A002508B0 /* InfoPlist.strings in Resources */,
			);
			runOnlyForDeploymentPostprocessing = 0;
		};
/* End PBXResourcesBuildPhase section */

/* Begin PBXSourcesBuildPhase section */
		3D0948EE192BD49A002508B0 /* Sources */ = {
			isa = PBXSourcesBuildPhase;
			buildActionMask = 2147483647;
			files = (
				3D09490C192BD49A002508B0 /* ViewController.m in Sources */,
				3D094976192C121F002508B0 /* PointOfInterest.m in Sources */,
				3D094906192BD49A002508B0 /* AppDelegate.m in Sources */,
				3D094902192BD49A002508B0 /* main.m in Sources */,
			);
			runOnlyForDeploymentPostprocessing = 0;
		};
		3D09490F192BD49A002508B0 /* Sources */ = {
			isa = PBXSourcesBuildPhase;
			buildActionMask = 2147483647;
			files = (
				3D094921192BD49A002508B0 /* MapKitTests.m in Sources */,
			);
			runOnlyForDeploymentPostprocessing = 0;
		};
/* End PBXSourcesBuildPhase section */

/* Begin PBXTargetDependency section */
		3D094919192BD49A002508B0 /* PBXTargetDependency */ = {
			isa = PBXTargetDependency;
			target = 3D0948F1192BD49A002508B0 /* MapKit */;
			targetProxy = 3D094918192BD49A002508B0 /* PBXContainerItemProxy */;
		};
/* End PBXTargetDependency section */

/* Begin PBXVariantGroup section */
		3D0948FE192BD49A002508B0 /* InfoPlist.strings */ = {
			isa = PBXVariantGroup;
			children = (
				3D0948FF192BD49A002508B0 /* en */,
			);
			name = InfoPlist.strings;
			sourceTree = "<group>";
		};
		3D094907192BD49A002508B0 /* Main.storyboard */ = {
			isa = PBXVariantGroup;
			children = (
				3D094908192BD49A002508B0 /* Base */,
			);
			name = Main.storyboard;
			sourceTree = "<group>";
		};
		3D09491D192BD49A002508B0 /* InfoPlist.strings */ = {
			isa = PBXVariantGroup;
			children = (
				3D09491E192BD49A002508B0 /* en */,
			);
			name = InfoPlist.strings;
			sourceTree = "<group>";
		};
/* End PBXVariantGroup section */

/* Begin XCBuildConfiguration section */
		3D094922192BD49A002508B0 /* Debug */ = {
			isa = XCBuildConfiguration;
			buildSettings = {
				ALWAYS_SEARCH_USER_PATHS = NO;
				CLANG_CXX_LANGUAGE_STANDARD = "gnu++0x";
				CLANG_CXX_LIBRARY = "libc++";
				CLANG_ENABLE_MODULES = YES;
				CLANG_ENABLE_OBJC_ARC = YES;
				CLANG_WARN_BOOL_CONVERSION = YES;
				CLANG_WARN_CONSTANT_CONVERSION = YES;
				CLANG_WARN_DIRECT_OBJC_ISA_USAGE = YES_ERROR;
				CLANG_WARN_EMPTY_BODY = YES;
				CLANG_WARN_ENUM_CONVERSION = YES;
				CLANG_WARN_INT_CONVERSION = YES;
				CLANG_WARN_OBJC_ROOT_CLASS = YES_ERROR;
				CLANG_WARN__DUPLICATE_METHOD_MATCH = YES;
				"CODE_SIGN_IDENTITY[sdk=iphoneos*]" = "iPhone Developer";
				COPY_PHASE_STRIP = NO;
				GCC_C_LANGUAGE_STANDARD = gnu99;
				GCC_DYNAMIC_NO_PIC = NO;
				GCC_OPTIMIZATION_LEVEL = 0;
				GCC_PREPROCESSOR_DEFINITIONS = (
					"DEBUG=1",
					"$(inherited)",
				);
				GCC_SYMBOLS_PRIVATE_EXTERN = NO;
				GCC_WARN_64_TO_32_BIT_CONVERSION = YES;
				GCC_WARN_ABOUT_RETURN_TYPE = YES_ERROR;
				GCC_WARN_UNDECLARED_SELECTOR = YES;
				GCC_WARN_UNINITIALIZED_AUTOS = YES_AGGRESSIVE;
				GCC_WARN_UNUSED_FUNCTION = YES;
				GCC_WARN_UNUSED_VARIABLE = YES;
				IPHONEOS_DEPLOYMENT_TARGET = 7.1;
				ONLY_ACTIVE_ARCH = YES;
				SDKROOT = iphoneos;
			};
			name = Debug;
		};
		3D094923192BD49A002508B0 /* Release */ = {
			isa = XCBuildConfiguration;
			buildSettings = {
				ALWAYS_SEARCH_USER_PATHS = NO;
				CLANG_CXX_LANGUAGE_STANDARD = "gnu++0x";
				CLANG_CXX_LIBRARY = "libc++";
				CLANG_ENABLE_MODULES = YES;
				CLANG_ENABLE_OBJC_ARC = YES;
				CLANG_WARN_BOOL_CONVERSION = YES;
				CLANG_WARN_CONSTANT_CONVERSION = YES;
				CLANG_WARN_DIRECT_OBJC_ISA_USAGE = YES_ERROR;
				CLANG_WARN_EMPTY_BODY = YES;
				CLANG_WARN_ENUM_CONVERSION = YES;
				CLANG_WARN_INT_CONVERSION = YES;
				CLANG_WARN_OBJC_ROOT_CLASS = YES_ERROR;
				CLANG_WARN__DUPLICATE_METHOD_MATCH = YES;
				"CODE_SIGN_IDENTITY[sdk=iphoneos*]" = "iPhone Developer";
				COPY_PHASE_STRIP = YES;
				ENABLE_NS_ASSERTIONS = NO;
				GCC_C_LANGUAGE_STANDARD = gnu99;
				GCC_WARN_64_TO_32_BIT_CONVERSION = YES;
				GCC_WARN_ABOUT_RETURN_TYPE = YES_ERROR;
				GCC_WARN_UNDECLARED_SELECTOR = YES;
				GCC_WARN_UNINITIALIZED_AUTOS = YES_AGGRESSIVE;
				GCC_WARN_UNUSED_FUNCTION = YES;
				GCC_WARN_UNUSED_VARIABLE = YES;
				IPHONEOS_DEPLOYMENT_TARGET = 7.1;
				SDKROOT = iphoneos;
				VALIDATE_PRODUCT = YES;
			};
			name = Release;
		};
		3D094925192BD49A002508B0 /* Debug */ = {
			isa = XCBuildConfiguration;
			buildSettings = {
				ASSETCATALOG_COMPILER_APPICON_NAME = AppIcon;
				ASSETCATALOG_COMPILER_LAUNCHIMAGE_NAME = LaunchImage;
				GCC_PRECOMPILE_PREFIX_HEADER = YES;
				GCC_PREFIX_HEADER = "MapKit/MapKit-Prefix.pch";
				INFOPLIST_FILE = "MapKit/MapKit-Info.plist";
				PRODUCT_NAME = "$(TARGET_NAME)";
				WRAPPER_EXTENSION = app;
			};
			name = Debug;
		};
		3D094926192BD49A002508B0 /* Release */ = {
			isa = XCBuildConfiguration;
			buildSettings = {
				ASSETCATALOG_COMPILER_APPICON_NAME = AppIcon;
				ASSETCATALOG_COMPILER_LAUNCHIMAGE_NAME = LaunchImage;
				GCC_PRECOMPILE_PREFIX_HEADER = YES;
				GCC_PREFIX_HEADER = "MapKit/MapKit-Prefix.pch";
				INFOPLIST_FILE = "MapKit/MapKit-Info.plist";
				PRODUCT_NAME = "$(TARGET_NAME)";
				WRAPPER_EXTENSION = app;
			};
			name = Release;
		};
		3D094928192BD49A002508B0 /* Debug */ = {
			isa = XCBuildConfiguration;
			buildSettings = {
				BUNDLE_LOADER = "$(BUILT_PRODUCTS_DIR)/MapKit.app/MapKit";
				FRAMEWORK_SEARCH_PATHS = (
					"$(SDKROOT)/Developer/Library/Frameworks",
					"$(inherited)",
					"$(DEVELOPER_FRAMEWORKS_DIR)",
				);
				GCC_PRECOMPILE_PREFIX_HEADER = YES;
				GCC_PREFIX_HEADER = "MapKit/MapKit-Prefix.pch";
				GCC_PREPROCESSOR_DEFINITIONS = (
					"DEBUG=1",
					"$(inherited)",
				);
				INFOPLIST_FILE = "MapKitTests/MapKitTests-Info.plist";
				PRODUCT_NAME = "$(TARGET_NAME)";
				TEST_HOST = "$(BUNDLE_LOADER)";
				WRAPPER_EXTENSION = xctest;
			};
			name = Debug;
		};
		3D094929192BD49A002508B0 /* Release */ = {
			isa = XCBuildConfiguration;
			buildSettings = {
				BUNDLE_LOADER = "$(BUILT_PRODUCTS_DIR)/MapKit.app/MapKit";
				FRAMEWORK_SEARCH_PATHS = (
					"$(SDKROOT)/Developer/Library/Frameworks",
					"$(inherited)",
					"$(DEVELOPER_FRAMEWORKS_DIR)",
				);
				GCC_PRECOMPILE_PREFIX_HEADER = YES;
				GCC_PREFIX_HEADER = "MapKit/MapKit-Prefix.pch";
				INFOPLIST_FILE = "MapKitTests/MapKitTests-Info.plist";
				PRODUCT_NAME = "$(TARGET_NAME)";
				TEST_HOST = "$(BUNDLE_LOADER)";
				WRAPPER_EXTENSION = xctest;
			};
			name = Release;
		};
/* End XCBuildConfiguration section */

/* Begin XCConfigurationList section */
		3D0948ED192BD49A002508B0 /* Build configuration list for PBXProject "MapKit" */ = {
			isa = XCConfigurationList;
			buildConfigurations = (
				3D094922192BD49A002508B0 /* Debug */,
				3D094923192BD49A002508B0 /* Release */,
			);
			defaultConfigurationIsVisible = 0;
			defaultConfigurationName = Release;
		};
		3D094924192BD49A002508B0 /* Build configuration list for PBXNativeTarget "MapKit" */ = {
			isa = XCConfigurationList;
			buildConfigurations = (
				3D094925192BD49A002508B0 /* Debug */,
				3D094926192BD49A002508B0 /* Release */,
			);
			defaultConfigurationIsVisible = 0;
			defaultConfigurationName = Release;
		};
		3D094927192BD49A002508B0 /* Build configuration list for PBXNativeTarget "MapKitTests" */ = {
			isa = XCConfigurationList;
			buildConfigurations = (
				3D094928192BD49A002508B0 /* Debug */,
				3D094929192BD49A002508B0 /* Release */,
			);
			defaultConfigurationIsVisible = 0;
			defaultConfigurationName = Release;
		};
/* End XCConfigurationList section */
	};
	rootObject = 3D0948EA192BD49A002508B0 /* Project object */;
}
